// !$*UTF8*$!
{
	archiveVersion = 1;
	classes = {
	};
	objectVersion = 51;
	objects = {

/* Begin PBXBuildFile section */
		1226335922E1E23D00CFB6B7 /* AgeRangeCell.swift in Sources */ = {isa = PBXBuildFile; fileRef = 1226335822E1E23D00CFB6B7 /* AgeRangeCell.swift */; };
		1226336022E20BE300CFB6B7 /* Extensions+Firestore.swift in Sources */ = {isa = PBXBuildFile; fileRef = 1226335F22E20BE300CFB6B7 /* Extensions+Firestore.swift */; };
		784EA587DEE16DA8F6767298 /* Pods_swipe_match_lbta.framework in Frameworks */ = {isa = PBXBuildFile; fileRef = FB88E1C7BA354C64DAEE39F8 /* Pods_swipe_match_lbta.framework */; };
		BA1C66C022CF9F4C00582CAE /* RegistrationController.swift in Sources */ = {isa = PBXBuildFile; fileRef = BA1C66BF22CF9F4C00582CAE /* RegistrationController.swift */; };
		BA1C66C222CFA4B600582CAE /* CustomTextField.swift in Sources */ = {isa = PBXBuildFile; fileRef = BA1C66C122CFA4B600582CAE /* CustomTextField.swift */; };
		BA26AC0422C0D8A000962F36 /* User.swift in Sources */ = {isa = PBXBuildFile; fileRef = BA26AC0322C0D8A000962F36 /* User.swift */; };
		BA2A389022CA3A9700F60E73 /* CardViewModel.swift in Sources */ = {isa = PBXBuildFile; fileRef = BA2A388F22CA3A9700F60E73 /* CardViewModel.swift */; };
		BA3877DF22D2391000DB00D9 /* Bindable.swift in Sources */ = {isa = PBXBuildFile; fileRef = BA3877DE22D2391000DB00D9 /* Bindable.swift */; };
		BA39377822D1C981007625A5 /* GoogleService-Info.plist in Resources */ = {isa = PBXBuildFile; fileRef = BA39377722D1C981007625A5 /* GoogleService-Info.plist */; };
		BA4B3CF622D758DB0041D4E0 /* SettingsController.swift in Sources */ = {isa = PBXBuildFile; fileRef = BA4B3CF522D758DB0041D4E0 /* SettingsController.swift */; };
		BA4B3CF922D786750041D4E0 /* CustomImagePickerController.swift in Sources */ = {isa = PBXBuildFile; fileRef = BA4B3CF822D786750041D4E0 /* CustomImagePickerController.swift */; };
		BA4B3CFB22D79C270041D4E0 /* SettingsHeaderLabel.swift in Sources */ = {isa = PBXBuildFile; fileRef = BA4B3CFA22D79C270041D4E0 /* SettingsHeaderLabel.swift */; };
		BA4B3CFD22D79CC30041D4E0 /* SettingsCell.swift in Sources */ = {isa = PBXBuildFile; fileRef = BA4B3CFC22D79CC30041D4E0 /* SettingsCell.swift */; };
		BA4B3CFF22D79F180041D4E0 /* SettingsTextField.swift in Sources */ = {isa = PBXBuildFile; fileRef = BA4B3CFE22D79F180041D4E0 /* SettingsTextField.swift */; };
		BA51125C22D08A89003AE8A1 /* RegistrationViewModel.swift in Sources */ = {isa = PBXBuildFile; fileRef = BA51125B22D08A89003AE8A1 /* RegistrationViewModel.swift */; };
		BA8BD1CA22B21B8A00C3BFEA /* CardView.swift in Sources */ = {isa = PBXBuildFile; fileRef = BA8BD1C922B21B8A00C3BFEA /* CardView.swift */; };
		BAABDBEF22AE452400BB3BD6 /* AppDelegate.swift in Sources */ = {isa = PBXBuildFile; fileRef = BAABDBEE22AE452400BB3BD6 /* AppDelegate.swift */; };
		BAABDBF122AE452400BB3BD6 /* HomeController.swift in Sources */ = {isa = PBXBuildFile; fileRef = BAABDBF022AE452400BB3BD6 /* HomeController.swift */; };
		BAABDBF422AE452400BB3BD6 /* Main.storyboard in Resources */ = {isa = PBXBuildFile; fileRef = BAABDBF222AE452400BB3BD6 /* Main.storyboard */; };
		BAABDBF622AE452500BB3BD6 /* Assets.xcassets in Resources */ = {isa = PBXBuildFile; fileRef = BAABDBF522AE452500BB3BD6 /* Assets.xcassets */; };
		BAABDBF922AE452500BB3BD6 /* LaunchScreen.storyboard in Resources */ = {isa = PBXBuildFile; fileRef = BAABDBF722AE452500BB3BD6 /* LaunchScreen.storyboard */; };
		BAABDC0222AE48CC00BB3BD6 /* Extensions+UIView.swift in Sources */ = {isa = PBXBuildFile; fileRef = BAABDC0122AE48CC00BB3BD6 /* Extensions+UIView.swift */; };
		BABF1A0322CD09E90030CF86 /* Advertiser.swift in Sources */ = {isa = PBXBuildFile; fileRef = BABF1A0222CD09E90030CF86 /* Advertiser.swift */; };
		BAE18B0D22AFC8FE001BF8BB /* HomeBottomControlsStackView.swift in Sources */ = {isa = PBXBuildFile; fileRef = BAE18B0C22AFC8FE001BF8BB /* HomeBottomControlsStackView.swift */; };
		BAE18B0F22AFCCC3001BF8BB /* TopNavigationStackView.swift in Sources */ = {isa = PBXBuildFile; fileRef = BAE18B0E22AFCCC3001BF8BB /* TopNavigationStackView.swift */; };
/* End PBXBuildFile section */

/* Begin PBXFileReference section */
		1226335822E1E23D00CFB6B7 /* AgeRangeCell.swift */ = {isa = PBXFileReference; lastKnownFileType = sourcecode.swift; path = AgeRangeCell.swift; sourceTree = "<group>"; };
		1226335F22E20BE300CFB6B7 /* Extensions+Firestore.swift */ = {isa = PBXFileReference; lastKnownFileType = sourcecode.swift; path = "Extensions+Firestore.swift"; sourceTree = "<group>"; };
		5711E0B38934A1D46061D096 /* Pods-swipe-match-lbta.release.xcconfig */ = {isa = PBXFileReference; includeInIndex = 1; lastKnownFileType = text.xcconfig; name = "Pods-swipe-match-lbta.release.xcconfig"; path = "Target Support Files/Pods-swipe-match-lbta/Pods-swipe-match-lbta.release.xcconfig"; sourceTree = "<group>"; };
		BA1C66BF22CF9F4C00582CAE /* RegistrationController.swift */ = {isa = PBXFileReference; lastKnownFileType = sourcecode.swift; path = RegistrationController.swift; sourceTree = "<group>"; };
		BA1C66C122CFA4B600582CAE /* CustomTextField.swift */ = {isa = PBXFileReference; lastKnownFileType = sourcecode.swift; path = CustomTextField.swift; sourceTree = "<group>"; };
		BA26AC0322C0D8A000962F36 /* User.swift */ = {isa = PBXFileReference; lastKnownFileType = sourcecode.swift; path = User.swift; sourceTree = "<group>"; };
		BA2A388F22CA3A9700F60E73 /* CardViewModel.swift */ = {isa = PBXFileReference; lastKnownFileType = sourcecode.swift; path = CardViewModel.swift; sourceTree = "<group>"; };
		BA3877DE22D2391000DB00D9 /* Bindable.swift */ = {isa = PBXFileReference; lastKnownFileType = sourcecode.swift; path = Bindable.swift; sourceTree = "<group>"; };
		BA39377722D1C981007625A5 /* GoogleService-Info.plist */ = {isa = PBXFileReference; fileEncoding = 4; lastKnownFileType = text.plist.xml; path = "GoogleService-Info.plist"; sourceTree = "<group>"; };
		BA4B3CF522D758DB0041D4E0 /* SettingsController.swift */ = {isa = PBXFileReference; lastKnownFileType = sourcecode.swift; path = SettingsController.swift; sourceTree = "<group>"; };
		BA4B3CF822D786750041D4E0 /* CustomImagePickerController.swift */ = {isa = PBXFileReference; lastKnownFileType = sourcecode.swift; path = CustomImagePickerController.swift; sourceTree = "<group>"; };
		BA4B3CFA22D79C270041D4E0 /* SettingsHeaderLabel.swift */ = {isa = PBXFileReference; lastKnownFileType = sourcecode.swift; path = SettingsHeaderLabel.swift; sourceTree = "<group>"; };
		BA4B3CFC22D79CC30041D4E0 /* SettingsCell.swift */ = {isa = PBXFileReference; lastKnownFileType = sourcecode.swift; path = SettingsCell.swift; sourceTree = "<group>"; };
		BA4B3CFE22D79F180041D4E0 /* SettingsTextField.swift */ = {isa = PBXFileReference; lastKnownFileType = sourcecode.swift; path = SettingsTextField.swift; sourceTree = "<group>"; };
		BA51125B22D08A89003AE8A1 /* RegistrationViewModel.swift */ = {isa = PBXFileReference; lastKnownFileType = sourcecode.swift; path = RegistrationViewModel.swift; sourceTree = "<group>"; };
		BA8BD1C922B21B8A00C3BFEA /* CardView.swift */ = {isa = PBXFileReference; lastKnownFileType = sourcecode.swift; path = CardView.swift; sourceTree = "<group>"; };
		BAABDBEB22AE452400BB3BD6 /* swipe-match-lbta.app */ = {isa = PBXFileReference; explicitFileType = wrapper.application; includeInIndex = 0; path = "swipe-match-lbta.app"; sourceTree = BUILT_PRODUCTS_DIR; };
		BAABDBEE22AE452400BB3BD6 /* AppDelegate.swift */ = {isa = PBXFileReference; lastKnownFileType = sourcecode.swift; path = AppDelegate.swift; sourceTree = "<group>"; };
		BAABDBF022AE452400BB3BD6 /* HomeController.swift */ = {isa = PBXFileReference; lastKnownFileType = sourcecode.swift; path = HomeController.swift; sourceTree = "<group>"; };
		BAABDBF322AE452400BB3BD6 /* Base */ = {isa = PBXFileReference; lastKnownFileType = file.storyboard; name = Base; path = Base.lproj/Main.storyboard; sourceTree = "<group>"; };
		BAABDBF522AE452500BB3BD6 /* Assets.xcassets */ = {isa = PBXFileReference; lastKnownFileType = folder.assetcatalog; path = Assets.xcassets; sourceTree = "<group>"; };
		BAABDBF822AE452500BB3BD6 /* Base */ = {isa = PBXFileReference; lastKnownFileType = file.storyboard; name = Base; path = Base.lproj/LaunchScreen.storyboard; sourceTree = "<group>"; };
		BAABDBFA22AE452500BB3BD6 /* Info.plist */ = {isa = PBXFileReference; lastKnownFileType = text.plist.xml; path = Info.plist; sourceTree = "<group>"; };
		BAABDC0122AE48CC00BB3BD6 /* Extensions+UIView.swift */ = {isa = PBXFileReference; lastKnownFileType = sourcecode.swift; path = "Extensions+UIView.swift"; sourceTree = "<group>"; };
		BABF1A0222CD09E90030CF86 /* Advertiser.swift */ = {isa = PBXFileReference; lastKnownFileType = sourcecode.swift; path = Advertiser.swift; sourceTree = "<group>"; };
		BAE18B0C22AFC8FE001BF8BB /* HomeBottomControlsStackView.swift */ = {isa = PBXFileReference; lastKnownFileType = sourcecode.swift; path = HomeBottomControlsStackView.swift; sourceTree = "<group>"; };
		BAE18B0E22AFCCC3001BF8BB /* TopNavigationStackView.swift */ = {isa = PBXFileReference; lastKnownFileType = sourcecode.swift; path = TopNavigationStackView.swift; sourceTree = "<group>"; };
		D9C0A954227E38C1ABC39A12 /* Pods-swipe-match-lbta.debug.xcconfig */ = {isa = PBXFileReference; includeInIndex = 1; lastKnownFileType = text.xcconfig; name = "Pods-swipe-match-lbta.debug.xcconfig"; path = "Target Support Files/Pods-swipe-match-lbta/Pods-swipe-match-lbta.debug.xcconfig"; sourceTree = "<group>"; };
		FB88E1C7BA354C64DAEE39F8 /* Pods_swipe_match_lbta.framework */ = {isa = PBXFileReference; explicitFileType = wrapper.framework; includeInIndex = 0; path = Pods_swipe_match_lbta.framework; sourceTree = BUILT_PRODUCTS_DIR; };
/* End PBXFileReference section */

/* Begin PBXFrameworksBuildPhase section */
		BAABDBE822AE452400BB3BD6 /* Frameworks */ = {
			isa = PBXFrameworksBuildPhase;
			buildActionMask = 2147483647;
			files = (
				784EA587DEE16DA8F6767298 /* Pods_swipe_match_lbta.framework in Frameworks */,
			);
			runOnlyForDeploymentPostprocessing = 0;
		};
/* End PBXFrameworksBuildPhase section */

/* Begin PBXGroup section */
		1226335C22E2033200CFB6B7 /* Protocols */ = {
			isa = PBXGroup;
			children = (
			);
			path = Protocols;
			sourceTree = "<group>";
		};
		B2E3F6BF0350C830288E1B2A /* Pods */ = {
			isa = PBXGroup;
			children = (
				D9C0A954227E38C1ABC39A12 /* Pods-swipe-match-lbta.debug.xcconfig */,
				5711E0B38934A1D46061D096 /* Pods-swipe-match-lbta.release.xcconfig */,
			);
			path = Pods;
			sourceTree = "<group>";
		};
		BA00EB9822AF7A03000F1FB9 /* Views */ = {
			isa = PBXGroup;
			children = (
				BA4B3CFA22D79C270041D4E0 /* SettingsHeaderLabel.swift */,
				BA4B3CFC22D79CC30041D4E0 /* SettingsCell.swift */,
				BA8BD1C922B21B8A00C3BFEA /* CardView.swift */,
				BAE18B0C22AFC8FE001BF8BB /* HomeBottomControlsStackView.swift */,
				BAE18B0E22AFCCC3001BF8BB /* TopNavigationStackView.swift */,
				BA1C66C122CFA4B600582CAE /* CustomTextField.swift */,
				BA4B3CFE22D79F180041D4E0 /* SettingsTextField.swift */,
				1226335822E1E23D00CFB6B7 /* AgeRangeCell.swift */,
			);
			path = Views;
			sourceTree = "<group>";
		};
		BA2A388E22CA3A8100F60E73 /* ViewModels */ = {
			isa = PBXGroup;
			children = (
				BA2A388F22CA3A9700F60E73 /* CardViewModel.swift */,
				BA51125B22D08A89003AE8A1 /* RegistrationViewModel.swift */,
			);
			path = ViewModels;
			sourceTree = "<group>";
		};
		BA3877DD22D2390300DB00D9 /* Helpers */ = {
			isa = PBXGroup;
			children = (
				BA3877DE22D2391000DB00D9 /* Bindable.swift */,
			);
			path = Helpers;
			sourceTree = "<group>";
		};
		BA51D2F922C0D7F100601488 /* Model */ = {
			isa = PBXGroup;
			children = (
				BA26AC0322C0D8A000962F36 /* User.swift */,
				BABF1A0222CD09E90030CF86 /* Advertiser.swift */,
			);
			path = Model;
			sourceTree = "<group>";
		};
		BAABDBE222AE452400BB3BD6 = {
			isa = PBXGroup;
			children = (
				BAABDBED22AE452400BB3BD6 /* swipe-match-lbta */,
				BAABDBEC22AE452400BB3BD6 /* Products */,
				B2E3F6BF0350C830288E1B2A /* Pods */,
				BAD57909478E74C174A7253D /* Frameworks */,
			);
			sourceTree = "<group>";
		};
		BAABDBEC22AE452400BB3BD6 /* Products */ = {
			isa = PBXGroup;
			children = (
				BAABDBEB22AE452400BB3BD6 /* swipe-match-lbta.app */,
			);
			name = Products;
			sourceTree = "<group>";
		};
		BAABDBED22AE452400BB3BD6 /* swipe-match-lbta */ = {
			isa = PBXGroup;
			children = (
				1226335C22E2033200CFB6B7 /* Protocols */,
				BA3877DD22D2390300DB00D9 /* Helpers */,
				BA2A388E22CA3A8100F60E73 /* ViewModels */,
				BAD0264C22CA39D600B6B717 /* Controllers */,
				BA51D2F922C0D7F100601488 /* Model */,
				BA00EB9822AF7A03000F1FB9 /* Views */,
				BAABDC0022AE48B100BB3BD6 /* Extensions */,
				BAABDBEE22AE452400BB3BD6 /* AppDelegate.swift */,
				BAABDBF222AE452400BB3BD6 /* Main.storyboard */,
				BAABDBF522AE452500BB3BD6 /* Assets.xcassets */,
				BAABDBF722AE452500BB3BD6 /* LaunchScreen.storyboard */,
				BA39377722D1C981007625A5 /* GoogleService-Info.plist */,
				BAABDBFA22AE452500BB3BD6 /* Info.plist */,
			);
			path = "swipe-match-lbta";
			sourceTree = "<group>";
		};
		BAABDC0022AE48B100BB3BD6 /* Extensions */ = {
			isa = PBXGroup;
			children = (
				BAABDC0122AE48CC00BB3BD6 /* Extensions+UIView.swift */,
				1226335F22E20BE300CFB6B7 /* Extensions+Firestore.swift */,
			);
			path = Extensions;
			sourceTree = "<group>";
		};
		BAD0264C22CA39D600B6B717 /* Controllers */ = {
			isa = PBXGroup;
			children = (
				BA4B3CF822D786750041D4E0 /* CustomImagePickerController.swift */,
				BA1C66BF22CF9F4C00582CAE /* RegistrationController.swift */,
				BA4B3CF522D758DB0041D4E0 /* SettingsController.swift */,
				BAABDBF022AE452400BB3BD6 /* HomeController.swift */,
			);
			path = Controllers;
			sourceTree = "<group>";
		};
		BAD57909478E74C174A7253D /* Frameworks */ = {
			isa = PBXGroup;
			children = (
				FB88E1C7BA354C64DAEE39F8 /* Pods_swipe_match_lbta.framework */,
			);
			name = Frameworks;
			sourceTree = "<group>";
		};
/* End PBXGroup section */

/* Begin PBXNativeTarget section */
		BAABDBEA22AE452400BB3BD6 /* swipe-match-lbta */ = {
			isa = PBXNativeTarget;
			buildConfigurationList = BAABDBFD22AE452500BB3BD6 /* Build configuration list for PBXNativeTarget "swipe-match-lbta" */;
			buildPhases = (
				26940736821911BA8DDC73C0 /* [CP] Check Pods Manifest.lock */,
				BAABDBE722AE452400BB3BD6 /* Sources */,
				BAABDBE822AE452400BB3BD6 /* Frameworks */,
				BAABDBE922AE452400BB3BD6 /* Resources */,
				376D9105BF6AC28CB0BD1490 /* [CP] Embed Pods Frameworks */,
			);
			buildRules = (
			);
			dependencies = (
			);
			name = "swipe-match-lbta";
			productName = "swipe-match-lbta";
			productReference = BAABDBEB22AE452400BB3BD6 /* swipe-match-lbta.app */;
			productType = "com.apple.product-type.application";
		};
/* End PBXNativeTarget section */

/* Begin PBXProject section */
		BAABDBE322AE452400BB3BD6 /* Project object */ = {
			isa = PBXProject;
			attributes = {
				LastSwiftUpdateCheck = 1020;
				LastUpgradeCheck = 1020;
				ORGANIZATIONNAME = "Karlis Berzins";
				TargetAttributes = {
					BAABDBEA22AE452400BB3BD6 = {
						CreatedOnToolsVersion = 10.2.1;
					};
				};
			};
			buildConfigurationList = BAABDBE622AE452400BB3BD6 /* Build configuration list for PBXProject "swipe-match-lbta" */;
			compatibilityVersion = "Xcode 9.3";
			developmentRegion = en;
			hasScannedForEncodings = 0;
			knownRegions = (
				en,
				Base,
			);
			mainGroup = BAABDBE222AE452400BB3BD6;
			productRefGroup = BAABDBEC22AE452400BB3BD6 /* Products */;
			projectDirPath = "";
			projectRoot = "";
			targets = (
				BAABDBEA22AE452400BB3BD6 /* swipe-match-lbta */,
			);
		};
/* End PBXProject section */

/* Begin PBXResourcesBuildPhase section */
		BAABDBE922AE452400BB3BD6 /* Resources */ = {
			isa = PBXResourcesBuildPhase;
			buildActionMask = 2147483647;
			files = (
				BAABDBF922AE452500BB3BD6 /* LaunchScreen.storyboard in Resources */,
				BA39377822D1C981007625A5 /* GoogleService-Info.plist in Resources */,
				BAABDBF622AE452500BB3BD6 /* Assets.xcassets in Resources */,
				BAABDBF422AE452400BB3BD6 /* Main.storyboard in Resources */,
			);
			runOnlyForDeploymentPostprocessing = 0;
		};
/* End PBXResourcesBuildPhase section */

/* Begin PBXShellScriptBuildPhase section */
		26940736821911BA8DDC73C0 /* [CP] Check Pods Manifest.lock */ = {
			isa = PBXShellScriptBuildPhase;
			buildActionMask = 2147483647;
			files = (
			);
			inputFileListPaths = (
			);
			inputPaths = (
				"${PODS_PODFILE_DIR_PATH}/Podfile.lock",
				"${PODS_ROOT}/Manifest.lock",
			);
			name = "[CP] Check Pods Manifest.lock";
			outputFileListPaths = (
			);
			outputPaths = (
				"$(DERIVED_FILE_DIR)/Pods-swipe-match-lbta-checkManifestLockResult.txt",
			);
			runOnlyForDeploymentPostprocessing = 0;
			shellPath = /bin/sh;
			shellScript = "diff \"${PODS_PODFILE_DIR_PATH}/Podfile.lock\" \"${PODS_ROOT}/Manifest.lock\" > /dev/null\nif [ $? != 0 ] ; then\n    # print error to STDERR\n    echo \"error: The sandbox is not in sync with the Podfile.lock. Run 'pod install' or update your CocoaPods installation.\" >&2\n    exit 1\nfi\n# This output is used by Xcode 'outputs' to avoid re-running this script phase.\necho \"SUCCESS\" > \"${SCRIPT_OUTPUT_FILE_0}\"\n";
			showEnvVarsInLog = 0;
		};
		376D9105BF6AC28CB0BD1490 /* [CP] Embed Pods Frameworks */ = {
			isa = PBXShellScriptBuildPhase;
			buildActionMask = 2147483647;
			files = (
			);
			inputFileListPaths = (
				"${PODS_ROOT}/Target Support Files/Pods-swipe-match-lbta/Pods-swipe-match-lbta-frameworks-${CONFIGURATION}-input-files.xcfilelist",
			);
			name = "[CP] Embed Pods Frameworks";
			outputFileListPaths = (
				"${PODS_ROOT}/Target Support Files/Pods-swipe-match-lbta/Pods-swipe-match-lbta-frameworks-${CONFIGURATION}-output-files.xcfilelist",
			);
			runOnlyForDeploymentPostprocessing = 0;
			shellPath = /bin/sh;
			shellScript = "\"${PODS_ROOT}/Target Support Files/Pods-swipe-match-lbta/Pods-swipe-match-lbta-frameworks.sh\"\n";
			showEnvVarsInLog = 0;
		};
/* End PBXShellScriptBuildPhase section */

/* Begin PBXSourcesBuildPhase section */
		BAABDBE722AE452400BB3BD6 /* Sources */ = {
			isa = PBXSourcesBuildPhase;
			buildActionMask = 2147483647;
			files = (
				BA4B3CFF22D79F180041D4E0 /* SettingsTextField.swift in Sources */,
				BA3877DF22D2391000DB00D9 /* Bindable.swift in Sources */,
				BAABDBF122AE452400BB3BD6 /* HomeController.swift in Sources */,
				1226336022E20BE300CFB6B7 /* Extensions+Firestore.swift in Sources */,
				BA51125C22D08A89003AE8A1 /* RegistrationViewModel.swift in Sources */,
				BA4B3CFD22D79CC30041D4E0 /* SettingsCell.swift in Sources */,
				BA1C66C222CFA4B600582CAE /* CustomTextField.swift in Sources */,
				BAE18B0D22AFC8FE001BF8BB /* HomeBottomControlsStackView.swift in Sources */,
				BABF1A0322CD09E90030CF86 /* Advertiser.swift in Sources */,
				BAABDBEF22AE452400BB3BD6 /* AppDelegate.swift in Sources */,
				BAABDC0222AE48CC00BB3BD6 /* Extensions+UIView.swift in Sources */,
				BA2A389022CA3A9700F60E73 /* CardViewModel.swift in Sources */,
				BA8BD1CA22B21B8A00C3BFEA /* CardView.swift in Sources */,
				BA4B3CF922D786750041D4E0 /* CustomImagePickerController.swift in Sources */,
				BA4B3CF622D758DB0041D4E0 /* SettingsController.swift in Sources */,
				BAE18B0F22AFCCC3001BF8BB /* TopNavigationStackView.swift in Sources */,
				BA1C66C022CF9F4C00582CAE /* RegistrationController.swift in Sources */,
				1226335922E1E23D00CFB6B7 /* AgeRangeCell.swift in Sources */,
				BA4B3CFB22D79C270041D4E0 /* SettingsHeaderLabel.swift in Sources */,
				BA26AC0422C0D8A000962F36 /* User.swift in Sources */,
			);
			runOnlyForDeploymentPostprocessing = 0;
		};
/* End PBXSourcesBuildPhase section */

/* Begin PBXVariantGroup section */
		BAABDBF222AE452400BB3BD6 /* Main.storyboard */ = {
			isa = PBXVariantGroup;
			children = (
				BAABDBF322AE452400BB3BD6 /* Base */,
			);
			name = Main.storyboard;
			sourceTree = "<group>";
		};
		BAABDBF722AE452500BB3BD6 /* LaunchScreen.storyboard */ = {
			isa = PBXVariantGroup;
			children = (
				BAABDBF822AE452500BB3BD6 /* Base */,
			);
			name = LaunchScreen.storyboard;
			sourceTree = "<group>";
		};
/* End PBXVariantGroup section */

/* Begin XCBuildConfiguration section */
		BAABDBFB22AE452500BB3BD6 /* Debug */ = {
			isa = XCBuildConfiguration;
			buildSettings = {
				ALWAYS_SEARCH_USER_PATHS = NO;
				CLANG_ANALYZER_NONNULL = YES;
				CLANG_ANALYZER_NUMBER_OBJECT_CONVERSION = YES_AGGRESSIVE;
				CLANG_CXX_LANGUAGE_STANDARD = "gnu++14";
				CLANG_CXX_LIBRARY = "libc++";
				CLANG_ENABLE_MODULES = YES;
				CLANG_ENABLE_OBJC_ARC = YES;
				CLANG_ENABLE_OBJC_WEAK = YES;
				CLANG_WARN_BLOCK_CAPTURE_AUTORELEASING = YES;
				CLANG_WARN_BOOL_CONVERSION = YES;
				CLANG_WARN_COMMA = YES;
				CLANG_WARN_CONSTANT_CONVERSION = YES;
				CLANG_WARN_DEPRECATED_OBJC_IMPLEMENTATIONS = YES;
				CLANG_WARN_DIRECT_OBJC_ISA_USAGE = YES_ERROR;
				CLANG_WARN_DOCUMENTATION_COMMENTS = YES;
				CLANG_WARN_EMPTY_BODY = YES;
				CLANG_WARN_ENUM_CONVERSION = YES;
				CLANG_WARN_INFINITE_RECURSION = YES;
				CLANG_WARN_INT_CONVERSION = YES;
				CLANG_WARN_NON_LITERAL_NULL_CONVERSION = YES;
				CLANG_WARN_OBJC_IMPLICIT_RETAIN_SELF = YES;
				CLANG_WARN_OBJC_LITERAL_CONVERSION = YES;
				CLANG_WARN_OBJC_ROOT_CLASS = YES_ERROR;
				CLANG_WARN_RANGE_LOOP_ANALYSIS = YES;
				CLANG_WARN_STRICT_PROTOTYPES = YES;
				CLANG_WARN_SUSPICIOUS_MOVE = YES;
				CLANG_WARN_UNGUARDED_AVAILABILITY = YES_AGGRESSIVE;
				CLANG_WARN_UNREACHABLE_CODE = YES;
				CLANG_WARN__DUPLICATE_METHOD_MATCH = YES;
				CODE_SIGN_IDENTITY = "iPhone Developer";
				COPY_PHASE_STRIP = NO;
				DEBUG_INFORMATION_FORMAT = dwarf;
				ENABLE_STRICT_OBJC_MSGSEND = YES;
				ENABLE_TESTABILITY = YES;
				GCC_C_LANGUAGE_STANDARD = gnu11;
				GCC_DYNAMIC_NO_PIC = NO;
				GCC_NO_COMMON_BLOCKS = YES;
				GCC_OPTIMIZATION_LEVEL = 0;
				GCC_PREPROCESSOR_DEFINITIONS = (
					"DEBUG=1",
					"$(inherited)",
				);
				GCC_WARN_64_TO_32_BIT_CONVERSION = YES;
				GCC_WARN_ABOUT_RETURN_TYPE = YES_ERROR;
				GCC_WARN_UNDECLARED_SELECTOR = YES;
				GCC_WARN_UNINITIALIZED_AUTOS = YES_AGGRESSIVE;
				GCC_WARN_UNUSED_FUNCTION = YES;
				GCC_WARN_UNUSED_VARIABLE = YES;
				IPHONEOS_DEPLOYMENT_TARGET = 12.2;
				MTL_ENABLE_DEBUG_INFO = INCLUDE_SOURCE;
				MTL_FAST_MATH = YES;
				ONLY_ACTIVE_ARCH = YES;
				SDKROOT = iphoneos;
				SWIFT_ACTIVE_COMPILATION_CONDITIONS = DEBUG;
				SWIFT_OPTIMIZATION_LEVEL = "-Onone";
			};
			name = Debug;
		};
		BAABDBFC22AE452500BB3BD6 /* Release */ = {
			isa = XCBuildConfiguration;
			buildSettings = {
				ALWAYS_SEARCH_USER_PATHS = NO;
				CLANG_ANALYZER_NONNULL = YES;
				CLANG_ANALYZER_NUMBER_OBJECT_CONVERSION = YES_AGGRESSIVE;
				CLANG_CXX_LANGUAGE_STANDARD = "gnu++14";
				CLANG_CXX_LIBRARY = "libc++";
				CLANG_ENABLE_MODULES = YES;
				CLANG_ENABLE_OBJC_ARC = YES;
				CLANG_ENABLE_OBJC_WEAK = YES;
				CLANG_WARN_BLOCK_CAPTURE_AUTORELEASING = YES;
				CLANG_WARN_BOOL_CONVERSION = YES;
				CLANG_WARN_COMMA = YES;
				CLANG_WARN_CONSTANT_CONVERSION = YES;
				CLANG_WARN_DEPRECATED_OBJC_IMPLEMENTATIONS = YES;
				CLANG_WARN_DIRECT_OBJC_ISA_USAGE = YES_ERROR;
				CLANG_WARN_DOCUMENTATION_COMMENTS = YES;
				CLANG_WARN_EMPTY_BODY = YES;
				CLANG_WARN_ENUM_CONVERSION = YES;
				CLANG_WARN_INFINITE_RECURSION = YES;
				CLANG_WARN_INT_CONVERSION = YES;
				CLANG_WARN_NON_LITERAL_NULL_CONVERSION = YES;
				CLANG_WARN_OBJC_IMPLICIT_RETAIN_SELF = YES;
				CLANG_WARN_OBJC_LITERAL_CONVERSION = YES;
				CLANG_WARN_OBJC_ROOT_CLASS = YES_ERROR;
				CLANG_WARN_RANGE_LOOP_ANALYSIS = YES;
				CLANG_WARN_STRICT_PROTOTYPES = YES;
				CLANG_WARN_SUSPICIOUS_MOVE = YES;
				CLANG_WARN_UNGUARDED_AVAILABILITY = YES_AGGRESSIVE;
				CLANG_WARN_UNREACHABLE_CODE = YES;
				CLANG_WARN__DUPLICATE_METHOD_MATCH = YES;
				CODE_SIGN_IDENTITY = "iPhone Developer";
				COPY_PHASE_STRIP = NO;
				DEBUG_INFORMATION_FORMAT = "dwarf-with-dsym";
				ENABLE_NS_ASSERTIONS = NO;
				ENABLE_STRICT_OBJC_MSGSEND = YES;
				GCC_C_LANGUAGE_STANDARD = gnu11;
				GCC_NO_COMMON_BLOCKS = YES;
				GCC_WARN_64_TO_32_BIT_CONVERSION = YES;
				GCC_WARN_ABOUT_RETURN_TYPE = YES_ERROR;
				GCC_WARN_UNDECLARED_SELECTOR = YES;
				GCC_WARN_UNINITIALIZED_AUTOS = YES_AGGRESSIVE;
				GCC_WARN_UNUSED_FUNCTION = YES;
				GCC_WARN_UNUSED_VARIABLE = YES;
				IPHONEOS_DEPLOYMENT_TARGET = 12.2;
				MTL_ENABLE_DEBUG_INFO = NO;
				MTL_FAST_MATH = YES;
				SDKROOT = iphoneos;
				SWIFT_COMPILATION_MODE = wholemodule;
				SWIFT_OPTIMIZATION_LEVEL = "-O";
				VALIDATE_PRODUCT = YES;
			};
			name = Release;
		};
		BAABDBFE22AE452500BB3BD6 /* Debug */ = {
			isa = XCBuildConfiguration;
			baseConfigurationReference = D9C0A954227E38C1ABC39A12 /* Pods-swipe-match-lbta.debug.xcconfig */;
			buildSettings = {
				ASSETCATALOG_COMPILER_APPICON_NAME = AppIcon;
				CODE_SIGN_STYLE = Automatic;
				DEVELOPMENT_TEAM = DX3TWD8RW8;
				INFOPLIST_FILE = "swipe-match-lbta/Info.plist";
				IPHONEOS_DEPLOYMENT_TARGET = 11.0;
				LD_RUNPATH_SEARCH_PATHS = (
					"$(inherited)",
					"@executable_path/Frameworks",
				);
				PRODUCT_BUNDLE_IDENTIFIER = "me.karlis.swipe-match-lbta";
				PRODUCT_NAME = "$(TARGET_NAME)";
				SWIFT_VERSION = 5.0;
				TARGETED_DEVICE_FAMILY = 1;
			};
			name = Debug;
		};
		BAABDBFF22AE452500BB3BD6 /* Release */ = {
			isa = XCBuildConfiguration;
			baseConfigurationReference = 5711E0B38934A1D46061D096 /* Pods-swipe-match-lbta.release.xcconfig */;
			buildSettings = {
				ASSETCATALOG_COMPILER_APPICON_NAME = AppIcon;
				CODE_SIGN_STYLE = Automatic;
				DEVELOPMENT_TEAM = DX3TWD8RW8;
				INFOPLIST_FILE = "swipe-match-lbta/Info.plist";
				IPHONEOS_DEPLOYMENT_TARGET = 11.0;
				LD_RUNPATH_SEARCH_PATHS = (
					"$(inherited)",
					"@executable_path/Frameworks",
				);
				PRODUCT_BUNDLE_IDENTIFIER = "me.karlis.swipe-match-lbta";
				PRODUCT_NAME = "$(TARGET_NAME)";
				SWIFT_VERSION = 5.0;
				TARGETED_DEVICE_FAMILY = 1;
			};
			name = Release;
		};
/* End XCBuildConfiguration section */

/* Begin XCConfigurationList section */
		BAABDBE622AE452400BB3BD6 /* Build configuration list for PBXProject "swipe-match-lbta" */ = {
			isa = XCConfigurationList;
			buildConfigurations = (
				BAABDBFB22AE452500BB3BD6 /* Debug */,
				BAABDBFC22AE452500BB3BD6 /* Release */,
			);
			defaultConfigurationIsVisible = 0;
			defaultConfigurationName = Release;
		};
		BAABDBFD22AE452500BB3BD6 /* Build configuration list for PBXNativeTarget "swipe-match-lbta" */ = {
			isa = XCConfigurationList;
			buildConfigurations = (
				BAABDBFE22AE452500BB3BD6 /* Debug */,
				BAABDBFF22AE452500BB3BD6 /* Release */,
			);
			defaultConfigurationIsVisible = 0;
			defaultConfigurationName = Release;
		};
/* End XCConfigurationList section */
	};
	rootObject = BAABDBE322AE452400BB3BD6 /* Project object */;
}
